
Microsoft Visual Studio Solution File, Format Version 12.00
# Visual Studio 14
VisualStudioVersion = 14.0.24720.0
MinimumVisualStudioVersion = 10.0.40219.1
Project("{FAE04EC0-301F-11D3-BF4B-00C04F79EFBC}") = "eatboss", "TGS_230518_5160411017_A\eatboss.csproj", "{664D36B9-92FB-4F3F-908A-70C2CB904B4F}"
EndProject
Global
	GlobalSection(SolutionConfigurationPlatforms) = preSolution
		Debug|Any CPU = Debug|Any CPU
		Release|Any CPU = Release|Any CPU
	EndGlobalSection
	GlobalSection(ProjectConfigurationPlatforms) = postSolution
		{664D36B9-92FB-4F3F-908A-70C2CB904B4F}.Debug|Any CPU.ActiveCfg = Debug|Any CPU
		{664D36B9-92FB-4F3F-908A-70C2CB904B4F}.Debug|Any CPU.Build.0 = Debug|Any CPU
		{664D36B9-92FB-4F3F-908A-70C2CB904B4F}.Release|Any CPU.ActiveCfg = Release|Any CPU
		{664D36B9-92FB-4F3F-908A-70C2CB904B4F}.Release|Any CPU.Build.0 = Release|Any CPU
	EndGlobalSection
	GlobalSection(SolutionProperties) = preSolution
		HideSolutionNode = FALSE
	EndGlobalSection
EndGlobal
